
Microsoft Visual Studio Solution File, Format Version 12.00
# Visual Studio Version 17
VisualStudioVersion = 17.2.32630.192
MinimumVisualStudioVersion = 10.0.40219.1
Project("{FAE04EC0-301F-11D3-BF4B-00C04F79EFBC}") = "FriendMusic", "FriendMusic\FriendMusic.csproj", "{71150A40-3A18-42C5-9049-DFF8BB08EE6C}"
EndProject
Global
	GlobalSection(SolutionConfigurationPlatforms) = preSolution
		Debug|Any CPU = Debug|Any CPU
		Release|Any CPU = Release|Any CPU
	EndGlobalSection
	GlobalSection(ProjectConfigurationPlatforms) = postSolution
		{71150A40-3A18-42C5-9049-DFF8BB08EE6C}.Debug|Any CPU.ActiveCfg = Debug|Any CPU
		{71150A40-3A18-42C5-9049-DFF8BB08EE6C}.Debug|Any CPU.Build.0 = Debug|Any CPU
		{71150A40-3A18-42C5-9049-DFF8BB08EE6C}.Release|Any CPU.ActiveCfg = Release|Any CPU
		{71150A40-3A18-42C5-9049-DFF8BB08EE6C}.Release|Any CPU.Build.0 = Release|Any CPU
	EndGlobalSection
	GlobalSection(SolutionProperties) = preSolution
		HideSolutionNode = FALSE
	EndGlobalSection
	GlobalSection(ExtensibilityGlobals) = postSolution
		SolutionGuid = {46B97A8A-65C2-4BCD-92DB-327C4EF28FD2}
	EndGlobalSection
EndGlobal
